
Microsoft Visual Studio Solution File, Format Version 12.00
# Visual Studio 15
VisualStudioVersion = 15.0.27130.2027
MinimumVisualStudioVersion = 10.0.40219.1
Project("{9A19103F-16F7-4668-BE54-9A1E7A4F7556}") = "Typist", "Typist\Typist.csproj", "{FA91F1B7-CD88-4977-BE04-D84895A98E3E}"
EndProject
Project("{2150E333-8FDC-42A3-9474-1A3956D46DE8}") = "Solution Items", "Solution Items", "{710F047E-981A-4B93-BC1A-DB6546A108C8}"
	ProjectSection(SolutionItems) = preProject
		.gitignore = .gitignore
		..\.travis.yml = ..\.travis.yml
		..\README.md = ..\README.md
	EndProjectSection
EndProject
Project("{9A19103F-16F7-4668-BE54-9A1E7A4F7556}") = "Typist.Test", "Typist.Test\Typist.Test.csproj", "{62EE599C-7542-4A75-89A5-454D938AC0D9}"
EndProject
Global
	GlobalSection(SolutionConfigurationPlatforms) = preSolution
		Debug|Any CPU = Debug|Any CPU
		Release|Any CPU = Release|Any CPU
	EndGlobalSection
	GlobalSection(ProjectConfigurationPlatforms) = postSolution
		{FA91F1B7-CD88-4977-BE04-D84895A98E3E}.Debug|Any CPU.ActiveCfg = Debug|Any CPU
		{FA91F1B7-CD88-4977-BE04-D84895A98E3E}.Debug|Any CPU.Build.0 = Debug|Any CPU
		{FA91F1B7-CD88-4977-BE04-D84895A98E3E}.Release|Any CPU.ActiveCfg = Release|Any CPU
		{FA91F1B7-CD88-4977-BE04-D84895A98E3E}.Release|Any CPU.Build.0 = Release|Any CPU
		{62EE599C-7542-4A75-89A5-454D938AC0D9}.Debug|Any CPU.ActiveCfg = Debug|Any CPU
		{62EE599C-7542-4A75-89A5-454D938AC0D9}.Debug|Any CPU.Build.0 = Debug|Any CPU
		{62EE599C-7542-4A75-89A5-454D938AC0D9}.Release|Any CPU.ActiveCfg = Release|Any CPU
		{62EE599C-7542-4A75-89A5-454D938AC0D9}.Release|Any CPU.Build.0 = Release|Any CPU
	EndGlobalSection
	GlobalSection(SolutionProperties) = preSolution
		HideSolutionNode = FALSE
	EndGlobalSection
	GlobalSection(ExtensibilityGlobals) = postSolution
		SolutionGuid = {35F08AE6-B4B1-4616-AB24-0F7E78C3638C}
	EndGlobalSection
EndGlobal
